# THIS IS AN AUTOGENERATED FILE. DO NOT EDIT THIS FILE DIRECTLY.
# yarn lockfile v1


"@fontsource/inter@^4.5.7":
  version "4.5.7"
  resolved "https://registry.npmjs.org/@fontsource/inter/-/inter-4.5.7.tgz"
  integrity sha512-25k3thupaOEBexuU+jAkGqieKPbuhSuA+sinDwp1iBNhqQPiJ9QHDvsXgoCgCbZ4sGlE8aCwZmSlDJrPdJHNkw==

"@fontsource/noto-kufi-arabic@^4.5.6":
  version "4.5.6"
  resolved "https://registry.npmjs.org/@fontsource/noto-kufi-arabic/-/noto-kufi-arabic-4.5.6.tgz"
  integrity sha512-xwCx0YzsMBZ9i6HZE15y8sXnqRtT9ThGLFGdwxJq+hhd/AkxE9qyOttv2mCXPRfzzqfSw6TS3/e4zDnoXCoUmg==
